github.com/opencontainers/runtime-spec v1.0.2 h1:UfAcuLBJB9Coz72x1hgl8O5RVzTdNiaglX6v2DM6FI0=
github.com/opencontainers/runtime-spec v1.0.2/go.mod h1:jwyrGlmzljRJv/Fgzds9SsS/C5hL+LL3ko9hs6T5lQ0=
github.com/opencontainers/selinux v1.10.0 h1:rAiKF8hTcgLI3w0DHm6i0ylVVcOrlgR1kK99DRLDhyU=
github.com/opencontainers/selinux v1.10.0/go.mod h1:2i0OySw99QjzBBQByd1Gr9gSjvuho1lHsJxIJ3gGbJI=
golang.org/x/sys v0.0.0-20191115151921-52ab43148777/go.mod h1:h1NjWce9XRLGQEsW7wpKNCjG9DtNlClVuFLEZdDNbEs=
golang.org/x/sys v0.0.0-20211215211219-4abf325e0275 h1:QrMf/wK/gIZUuD4s06oYPfuSxBzj4mL/rjA7D++U14o=
golang.org/x/sys v0.0.0-20211215211219-4abf325e0275/go.mod h1:oPkhp1MJrh7nUepCBck5+mAzfO9JrbApNNgaTdGDITg=
kernel.org/pub/linux/libs/security/libcap/cap v1.2.62 h1:9iE7a676uhvcBUqPaX1m8vsGPLxWhY6HacTae4fAZ4M=
kernel.org/pub/linux/libs/security/libcap/cap v1.2.62/go.mod h1:IZIlNB3lc6EmaOILJvTigHdE+vE5DrVDEEm6CB133Ak=
kernel.org/pub/linux/libs/security/libcap/psx v1.2.62 h1:Tko+77IH7RReA/jcHqaVgtUJ9zAaXH4I0ZE3YHluBdw=
kernel.org/pub/linux/libs/security/libcap/psx v1.2.62/go.mod h1:+l6Ee2F59XiJ2I6WR5ObpC1utCQJZ/VLsEbQCD8RG24=
